
Microsoft Visual Studio Solution File, Format Version 12.00
# Visual Studio Version 16
VisualStudioVersion = 16.0.31729.503
MinimumVisualStudioVersion = 10.0.40219.1
Project("{FAE04EC0-301F-11D3-BF4B-00C04F79EFBC}") = "CSharpCourseWebApp1", "CSharpCourseWebApp1\CSharpCourseWebApp1.csproj", "{B06780E6-EFD6-4ABF-9D2E-7D8B7629FA6A}"
EndProject
Global
	GlobalSection(SolutionConfigurationPlatforms) = preSolution
		Debug|Any CPU = Debug|Any CPU
		Release|Any CPU = Release|Any CPU
	EndGlobalSection
	GlobalSection(ProjectConfigurationPlatforms) = postSolution
		{B06780E6-EFD6-4ABF-9D2E-7D8B7629FA6A}.Debug|Any CPU.ActiveCfg = Debug|Any CPU
		{B06780E6-EFD6-4ABF-9D2E-7D8B7629FA6A}.Debug|Any CPU.Build.0 = Debug|Any CPU
		{B06780E6-EFD6-4ABF-9D2E-7D8B7629FA6A}.Release|Any CPU.ActiveCfg = Release|Any CPU
		{B06780E6-EFD6-4ABF-9D2E-7D8B7629FA6A}.Release|Any CPU.Build.0 = Release|Any CPU
	EndGlobalSection
	GlobalSection(SolutionProperties) = preSolution
		HideSolutionNode = FALSE
	EndGlobalSection
	GlobalSection(ExtensibilityGlobals) = postSolution
		SolutionGuid = {521EF7A0-C651-4A76-A4C9-A32F95DFFD07}
	EndGlobalSection
EndGlobal
